
Microsoft Visual Studio Solution File, Format Version 12.00
# Visual Studio Version 17
VisualStudioVersion = 17.2.32526.322
MinimumVisualStudioVersion = 10.0.40219.1
Project("{9A19103F-16F7-4668-BE54-9A1E7A4F7556}") = "CheapUdemy", "CheapUdemy.csproj", "{819F24EA-83C2-402C-B5BA-3224C7C443D5}"
EndProject
Global
	GlobalSection(SolutionConfigurationPlatforms) = preSolution
		Debug|Any CPU = Debug|Any CPU
		Release|Any CPU = Release|Any CPU
	EndGlobalSection
	GlobalSection(ProjectConfigurationPlatforms) = postSolution
		{819F24EA-83C2-402C-B5BA-3224C7C443D5}.Debug|Any CPU.ActiveCfg = Debug|Any CPU
		{819F24EA-83C2-402C-B5BA-3224C7C443D5}.Debug|Any CPU.Build.0 = Debug|Any CPU
		{819F24EA-83C2-402C-B5BA-3224C7C443D5}.Release|Any CPU.ActiveCfg = Release|Any CPU
		{819F24EA-83C2-402C-B5BA-3224C7C443D5}.Release|Any CPU.Build.0 = Release|Any CPU
	EndGlobalSection
	GlobalSection(SolutionProperties) = preSolution
		HideSolutionNode = FALSE
	EndGlobalSection
	GlobalSection(ExtensibilityGlobals) = postSolution
		SolutionGuid = {D644D7D9-965D-4370-B105-BA803B2E8BCC}
	EndGlobalSection
EndGlobal
